// !$*UTF8*$!
{
	archiveVersion = 1;
	classes = {
	};
	objectVersion = 56;
	objects = {

/* Begin PBXBuildFile section */
		6EC375842BB19A12005DCC85 /* ToDoListAppDelegate.m in Sources */ = {isa = PBXBuildFile; fileRef = 6EC375832BB19A12005DCC85 /* ToDoListAppDelegate.m */; };
		6EC3758A2BB19A12005DCC85 /* ViewController.m in Sources */ = {isa = PBXBuildFile; fileRef = 6EC375892BB19A12005DCC85 /* ViewController.m */; };
		6EC3758D2BB19A12005DCC85 /* Main.storyboard in Resources */ = {isa = PBXBuildFile; fileRef = 6EC3758B2BB19A12005DCC85 /* Main.storyboard */; };
		6EC3758F2BB19A14005DCC85 /* Assets.xcassets in Resources */ = {isa = PBXBuildFile; fileRef = 6EC3758E2BB19A14005DCC85 /* Assets.xcassets */; };
		6EC375922BB19A14005DCC85 /* LaunchScreen.storyboard in Resources */ = {isa = PBXBuildFile; fileRef = 6EC375902BB19A14005DCC85 /* LaunchScreen.storyboard */; };
		6EC375952BB19A14005DCC85 /* main.m in Sources */ = {isa = PBXBuildFile; fileRef = 6EC375942BB19A14005DCC85 /* main.m */; };
		6EC3759F2BB19A14005DCC85 /* TodoListAppTests.m in Sources */ = {isa = PBXBuildFile; fileRef = 6EC3759E2BB19A14005DCC85 /* TodoListAppTests.m */; };
		6EC375A92BB19A14005DCC85 /* TodoListAppUITests.m in Sources */ = {isa = PBXBuildFile; fileRef = 6EC375A82BB19A14005DCC85 /* TodoListAppUITests.m */; };
		6EC375AB2BB19A14005DCC85 /* TodoListAppUITestsLaunchTests.m in Sources */ = {isa = PBXBuildFile; fileRef = 6EC375AA2BB19A14005DCC85 /* TodoListAppUITestsLaunchTests.m */; };
/* End PBXBuildFile section */

/* Begin PBXContainerItemProxy section */
		6EC3759B2BB19A14005DCC85 /* PBXContainerItemProxy */ = {
			isa = PBXContainerItemProxy;
			containerPortal = 6EC375772BB19A12005DCC85 /* Project object */;
			proxyType = 1;
			remoteGlobalIDString = 6EC3757E2BB19A12005DCC85;
			remoteInfo = TodoListApp;
		};
		6EC375A52BB19A14005DCC85 /* PBXContainerItemProxy */ = {
			isa = PBXContainerItemProxy;
			containerPortal = 6EC375772BB19A12005DCC85 /* Project object */;
			proxyType = 1;
			remoteGlobalIDString = 6EC3757E2BB19A12005DCC85;
			remoteInfo = TodoListApp;
		};
/* End PBXContainerItemProxy section */

/* Begin PBXFileReference section */
		6EC3757F2BB19A12005DCC85 /* TodoListApp.app */ = {isa = PBXFileReference; explicitFileType = wrapper.application; includeInIndex = 0; path = TodoListApp.app; sourceTree = BUILT_PRODUCTS_DIR; };
		6EC375822BB19A12005DCC85 /* ToDoListAppDelegate.h */ = {isa = PBXFileReference; lastKnownFileType = sourcecode.c.h; path = ToDoListAppDelegate.h; sourceTree = "<group>"; };
		6EC375832BB19A12005DCC85 /* ToDoListAppDelegate.m */ = {isa = PBXFileReference; lastKnownFileType = sourcecode.c.objc; path = ToDoListAppDelegate.m; sourceTree = "<group>"; };
		6EC375882BB19A12005DCC85 /* ViewController.h */ = {isa = PBXFileReference; lastKnownFileType = sourcecode.c.h; path = ViewController.h; sourceTree = "<group>"; };
		6EC375892BB19A12005DCC85 /* ViewController.m */ = {isa = PBXFileReference; lastKnownFileType = sourcecode.c.objc; path = ViewController.m; sourceTree = "<group>"; };
		6EC3758C2BB19A12005DCC85 /* Base */ = {isa = PBXFileReference; lastKnownFileType = file.storyboard; name = Base; path = Base.lproj/Main.storyboard; sourceTree = "<group>"; };
		6EC3758E2BB19A14005DCC85 /* Assets.xcassets */ = {isa = PBXFileReference; lastKnownFileType = folder.assetcatalog; path = Assets.xcassets; sourceTree = "<group>"; };
		6EC375912BB19A14005DCC85 /* Base */ = {isa = PBXFileReference; lastKnownFileType = file.storyboard; name = Base; path = Base.lproj/LaunchScreen.storyboard; sourceTree = "<group>"; };
		6EC375932BB19A14005DCC85 /* Info.plist */ = {isa = PBXFileReference; lastKnownFileType = text.plist.xml; path = Info.plist; sourceTree = "<group>"; };
		6EC375942BB19A14005DCC85 /* main.m */ = {isa = PBXFileReference; lastKnownFileType = sourcecode.c.objc; path = main.m; sourceTree = "<group>"; };
		6EC3759A2BB19A14005DCC85 /* TodoListAppTests.xctest */ = {isa = PBXFileReference; explicitFileType = wrapper.cfbundle; includeInIndex = 0; path = TodoListAppTests.xctest; sourceTree = BUILT_PRODUCTS_DIR; };
		6EC3759E2BB19A14005DCC85 /* TodoListAppTests.m */ = {isa = PBXFileReference; lastKnownFileType = sourcecode.c.objc; path = TodoListAppTests.m; sourceTree = "<group>"; };
		6EC375A42BB19A14005DCC85 /* TodoListAppUITests.xctest */ = {isa = PBXFileReference; explicitFileType = wrapper.cfbundle; includeInIndex = 0; path = TodoListAppUITests.xctest; sourceTree = BUILT_PRODUCTS_DIR; };
		6EC375A82BB19A14005DCC85 /* TodoListAppUITests.m */ = {isa = PBXFileReference; lastKnownFileType = sourcecode.c.objc; path = TodoListAppUITests.m; sourceTree = "<group>"; };
		6EC375AA2BB19A14005DCC85 /* TodoListAppUITestsLaunchTests.m */ = {isa = PBXFileReference; lastKnownFileType = sourcecode.c.objc; path = TodoListAppUITestsLaunchTests.m; sourceTree = "<group>"; };
/* End PBXFileReference section */

/* Begin PBXFrameworksBuildPhase section */
		6EC3757C2BB19A12005DCC85 /* Frameworks */ = {
			isa = PBXFrameworksBuildPhase;
			buildActionMask = 2147483647;
			files = (
			);
			runOnlyForDeploymentPostprocessing = 0;
		};
		6EC375972BB19A14005DCC85 /* Frameworks */ = {
			isa = PBXFrameworksBuildPhase;
			buildActionMask = 2147483647;
			files = (
			);
			runOnlyForDeploymentPostprocessing = 0;
		};
		6EC375A12BB19A14005DCC85 /* Frameworks */ = {
			isa = PBXFrameworksBuildPhase;
			buildActionMask = 2147483647;
			files = (
			);
			runOnlyForDeploymentPostprocessing = 0;
		};
/* End PBXFrameworksBuildPhase section */

/* Begin PBXGroup section */
		6EC375762BB19A12005DCC85 = {
			isa = PBXGroup;
			children = (
				6EC375812BB19A12005DCC85 /* TodoListApp */,
				6EC3759D2BB19A14005DCC85 /* TodoListAppTests */,
				6EC375A72BB19A14005DCC85 /* TodoListAppUITests */,
				6EC375802BB19A12005DCC85 /* Products */,
			);
			sourceTree = "<group>";
		};
		6EC375802BB19A12005DCC85 /* Products */ = {
			isa = PBXGroup;
			children = (
				6EC3757F2BB19A12005DCC85 /* TodoListApp.app */,
				6EC3759A2BB19A14005DCC85 /* TodoListAppTests.xctest */,
				6EC375A42BB19A14005DCC85 /* TodoListAppUITests.xctest */,
			);
			name = Products;
			sourceTree = "<group>";
		};
		6EC375812BB19A12005DCC85 /* TodoListApp */ = {
			isa = PBXGroup;
			children = (
				6EC375BB2BB19B25005DCC85 /* Application */,
				6EC375BA2BB19AB2005DCC85 /* ExternalDependencies */,
				6EC375B92BB19AA6005DCC85 /* Presentation */,
				6EC375B82BB19A70005DCC85 /* DependencyInjection */,
				6EC375B72BB19A37005DCC85 /* Domain */,
				6EC375882BB19A12005DCC85 /* ViewController.h */,
				6EC375892BB19A12005DCC85 /* ViewController.m */,
				6EC3758B2BB19A12005DCC85 /* Main.storyboard */,
				6EC3758E2BB19A14005DCC85 /* Assets.xcassets */,
				6EC375902BB19A14005DCC85 /* LaunchScreen.storyboard */,
				6EC375932BB19A14005DCC85 /* Info.plist */,
				6EC375942BB19A14005DCC85 /* main.m */,
			);
			path = TodoListApp;
			sourceTree = "<group>";
		};
		6EC3759D2BB19A14005DCC85 /* TodoListAppTests */ = {
			isa = PBXGroup;
			children = (
				6EC3759E2BB19A14005DCC85 /* TodoListAppTests.m */,
			);
			path = TodoListAppTests;
			sourceTree = "<group>";
		};
		6EC375A72BB19A14005DCC85 /* TodoListAppUITests */ = {
			isa = PBXGroup;
			children = (
				6EC375A82BB19A14005DCC85 /* TodoListAppUITests.m */,
				6EC375AA2BB19A14005DCC85 /* TodoListAppUITestsLaunchTests.m */,
			);
			path = TodoListAppUITests;
			sourceTree = "<group>";
		};
		6EC375B72BB19A37005DCC85 /* Domain */ = {
			isa = PBXGroup;
			children = (
			);
			path = Domain;
			sourceTree = "<group>";
		};
		6EC375B82BB19A70005DCC85 /* DependencyInjection */ = {
			isa = PBXGroup;
			children = (
			);
			path = DependencyInjection;
			sourceTree = "<group>";
		};
		6EC375B92BB19AA6005DCC85 /* Presentation */ = {
			isa = PBXGroup;
			children = (
			);
			path = Presentation;
			sourceTree = "<group>";
		};
		6EC375BA2BB19AB2005DCC85 /* ExternalDependencies */ = {
			isa = PBXGroup;
			children = (
			);
			path = ExternalDependencies;
			sourceTree = "<group>";
		};
		6EC375BB2BB19B25005DCC85 /* Application */ = {
			isa = PBXGroup;
			children = (
				6EC375822BB19A12005DCC85 /* ToDoListAppDelegate.h */,
				6EC375832BB19A12005DCC85 /* ToDoListAppDelegate.m */,
			);
			path = Application;
			sourceTree = "<group>";
		};
/* End PBXGroup section */

/* Begin PBXNativeTarget section */
		6EC3757E2BB19A12005DCC85 /* TodoListApp */ = {
			isa = PBXNativeTarget;
			buildConfigurationList = 6EC375AE2BB19A14005DCC85 /* Build configuration list for PBXNativeTarget "TodoListApp" */;
			buildPhases = (
				6EC3757B2BB19A12005DCC85 /* Sources */,
				6EC3757C2BB19A12005DCC85 /* Frameworks */,
				6EC3757D2BB19A12005DCC85 /* Resources */,
			);
			buildRules = (
			);
			dependencies = (
			);
			name = TodoListApp;
			productName = TodoListApp;
			productReference = 6EC3757F2BB19A12005DCC85 /* TodoListApp.app */;
			productType = "com.apple.product-type.application";
		};
		6EC375992BB19A14005DCC85 /* TodoListAppTests */ = {
			isa = PBXNativeTarget;
			buildConfigurationList = 6EC375B12BB19A14005DCC85 /* Build configuration list for PBXNativeTarget "TodoListAppTests" */;
			buildPhases = (
				6EC375962BB19A14005DCC85 /* Sources */,
				6EC375972BB19A14005DCC85 /* Frameworks */,
				6EC375982BB19A14005DCC85 /* Resources */,
			);
			buildRules = (
			);
			dependencies = (
				6EC3759C2BB19A14005DCC85 /* PBXTargetDependency */,
			);
			name = TodoListAppTests;
			productName = TodoListAppTests;
			productReference = 6EC3759A2BB19A14005DCC85 /* TodoListAppTests.xctest */;
			productType = "com.apple.product-type.bundle.unit-test";
		};
		6EC375A32BB19A14005DCC85 /* TodoListAppUITests */ = {
			isa = PBXNativeTarget;
			buildConfigurationList = 6EC375B42BB19A14005DCC85 /* Build configuration list for PBXNativeTarget "TodoListAppUITests" */;
			buildPhases = (
				6EC375A02BB19A14005DCC85 /* Sources */,
				6EC375A12BB19A14005DCC85 /* Frameworks */,
				6EC375A22BB19A14005DCC85 /* Resources */,
			);
			buildRules = (
			);
			dependencies = (
				6EC375A62BB19A14005DCC85 /* PBXTargetDependency */,
			);
			name = TodoListAppUITests;
			productName = TodoListAppUITests;
			productReference = 6EC375A42BB19A14005DCC85 /* TodoListAppUITests.xctest */;
			productType = "com.apple.product-type.bundle.ui-testing";
		};
/* End PBXNativeTarget section */

/* Begin PBXProject section */
		6EC375772BB19A12005DCC85 /* Project object */ = {
			isa = PBXProject;
			attributes = {
				BuildIndependentTargetsInParallel = 1;
				LastUpgradeCheck = 1500;
				TargetAttributes = {
					6EC3757E2BB19A12005DCC85 = {
						CreatedOnToolsVersion = 15.0;
					};
					6EC375992BB19A14005DCC85 = {
						CreatedOnToolsVersion = 15.0;
						TestTargetID = 6EC3757E2BB19A12005DCC85;
					};
					6EC375A32BB19A14005DCC85 = {
						CreatedOnToolsVersion = 15.0;
						TestTargetID = 6EC3757E2BB19A12005DCC85;
					};
				};
			};
			buildConfigurationList = 6EC3757A2BB19A12005DCC85 /* Build configuration list for PBXProject "TodoListApp" */;
			compatibilityVersion = "Xcode 14.0";
			developmentRegion = en;
			hasScannedForEncodings = 0;
			knownRegions = (
				en,
				Base,
			);
			mainGroup = 6EC375762BB19A12005DCC85;
			productRefGroup = 6EC375802BB19A12005DCC85 /* Products */;
			projectDirPath = "";
			projectRoot = "";
			targets = (
				6EC3757E2BB19A12005DCC85 /* TodoListApp */,
				6EC375992BB19A14005DCC85 /* TodoListAppTests */,
				6EC375A32BB19A14005DCC85 /* TodoListAppUITests */,
			);
		};
/* End PBXProject section */

/* Begin PBXResourcesBuildPhase section */
		6EC3757D2BB19A12005DCC85 /* Resources */ = {
			isa = PBXResourcesBuildPhase;
			buildActionMask = 2147483647;
			files = (
				6EC375922BB19A14005DCC85 /* LaunchScreen.storyboard in Resources */,
				6EC3758F2BB19A14005DCC85 /* Assets.xcassets in Resources */,
				6EC3758D2BB19A12005DCC85 /* Main.storyboard in Resources */,
			);
			runOnlyForDeploymentPostprocessing = 0;
		};
		6EC375982BB19A14005DCC85 /* Resources */ = {
			isa = PBXResourcesBuildPhase;
			buildActionMask = 2147483647;
			files = (
			);
			runOnlyForDeploymentPostprocessing = 0;
		};
		6EC375A22BB19A14005DCC85 /* Resources */ = {
			isa = PBXResourcesBuildPhase;
			buildActionMask = 2147483647;
			files = (
			);
			runOnlyForDeploymentPostprocessing = 0;
		};
/* End PBXResourcesBuildPhase section */

/* Begin PBXSourcesBuildPhase section */
		6EC3757B2BB19A12005DCC85 /* Sources */ = {
			isa = PBXSourcesBuildPhase;
			buildActionMask = 2147483647;
			files = (
				6EC3758A2BB19A12005DCC85 /* ViewController.m in Sources */,
				6EC375842BB19A12005DCC85 /* ToDoListAppDelegate.m in Sources */,
				6EC375952BB19A14005DCC85 /* main.m in Sources */,
			);
			runOnlyForDeploymentPostprocessing = 0;
		};
		6EC375962BB19A14005DCC85 /* Sources */ = {
			isa = PBXSourcesBuildPhase;
			buildActionMask = 2147483647;
			files = (
				6EC3759F2BB19A14005DCC85 /* TodoListAppTests.m in Sources */,
			);
			runOnlyForDeploymentPostprocessing = 0;
		};
		6EC375A02BB19A14005DCC85 /* Sources */ = {
			isa = PBXSourcesBuildPhase;
			buildActionMask = 2147483647;
			files = (
				6EC375AB2BB19A14005DCC85 /* TodoListAppUITestsLaunchTests.m in Sources */,
				6EC375A92BB19A14005DCC85 /* TodoListAppUITests.m in Sources */,
			);
			runOnlyForDeploymentPostprocessing = 0;
		};
/* End PBXSourcesBuildPhase section */

/* Begin PBXTargetDependency section */
		6EC3759C2BB19A14005DCC85 /* PBXTargetDependency */ = {
			isa = PBXTargetDependency;
			target = 6EC3757E2BB19A12005DCC85 /* TodoListApp */;
			targetProxy = 6EC3759B2BB19A14005DCC85 /* PBXContainerItemProxy */;
		};
		6EC375A62BB19A14005DCC85 /* PBXTargetDependency */ = {
			isa = PBXTargetDependency;
			target = 6EC3757E2BB19A12005DCC85 /* TodoListApp */;
			targetProxy = 6EC375A52BB19A14005DCC85 /* PBXContainerItemProxy */;
		};
/* End PBXTargetDependency section */

/* Begin PBXVariantGroup section */
		6EC3758B2BB19A12005DCC85 /* Main.storyboard */ = {
			isa = PBXVariantGroup;
			children = (
				6EC3758C2BB19A12005DCC85 /* Base */,
			);
			name = Main.storyboard;
			sourceTree = "<group>";
		};
		6EC375902BB19A14005DCC85 /* LaunchScreen.storyboard */ = {
			isa = PBXVariantGroup;
			children = (
				6EC375912BB19A14005DCC85 /* Base */,
			);
			name = LaunchScreen.storyboard;
			sourceTree = "<group>";
		};
/* End PBXVariantGroup section */

/* Begin XCBuildConfiguration section */
		6EC375AC2BB19A14005DCC85 /* Debug */ = {
			isa = XCBuildConfiguration;
			buildSettings = {
				ALWAYS_SEARCH_USER_PATHS = NO;
				ASSETCATALOG_COMPILER_GENERATE_SWIFT_ASSET_SYMBOL_EXTENSIONS = YES;
				CLANG_ANALYZER_NONNULL = YES;
				CLANG_ANALYZER_NUMBER_OBJECT_CONVERSION = YES_AGGRESSIVE;
				CLANG_CXX_LANGUAGE_STANDARD = "gnu++20";
				CLANG_ENABLE_MODULES = YES;
				CLANG_ENABLE_OBJC_ARC = YES;
				CLANG_ENABLE_OBJC_WEAK = YES;
				CLANG_WARN_BLOCK_CAPTURE_AUTORELEASING = YES;
				CLANG_WARN_BOOL_CONVERSION = YES;
				CLANG_WARN_COMMA = YES;
				CLANG_WARN_CONSTANT_CONVERSION = YES;
				CLANG_WARN_DEPRECATED_OBJC_IMPLEMENTATIONS = YES;
				CLANG_WARN_DIRECT_OBJC_ISA_USAGE = YES_ERROR;
				CLANG_WARN_DOCUMENTATION_COMMENTS = YES;
				CLANG_WARN_EMPTY_BODY = YES;
				CLANG_WARN_ENUM_CONVERSION = YES;
				CLANG_WARN_INFINITE_RECURSION = YES;
				CLANG_WARN_INT_CONVERSION = YES;
				CLANG_WARN_NON_LITERAL_NULL_CONVERSION = YES;
				CLANG_WARN_OBJC_IMPLICIT_RETAIN_SELF = YES;
				CLANG_WARN_OBJC_LITERAL_CONVERSION = YES;
				CLANG_WARN_OBJC_ROOT_CLASS = YES_ERROR;
				CLANG_WARN_QUOTED_INCLUDE_IN_FRAMEWORK_HEADER = YES;
				CLANG_WARN_RANGE_LOOP_ANALYSIS = YES;
				CLANG_WARN_STRICT_PROTOTYPES = YES;
				CLANG_WARN_SUSPICIOUS_MOVE = YES;
				CLANG_WARN_UNGUARDED_AVAILABILITY = YES_AGGRESSIVE;
				CLANG_WARN_UNREACHABLE_CODE = YES;
				CLANG_WARN__DUPLICATE_METHOD_MATCH = YES;
				COPY_PHASE_STRIP = NO;
				DEBUG_INFORMATION_FORMAT = dwarf;
				ENABLE_STRICT_OBJC_MSGSEND = YES;
				ENABLE_TESTABILITY = YES;
				ENABLE_USER_SCRIPT_SANDBOXING = YES;
				GCC_C_LANGUAGE_STANDARD = gnu17;
				GCC_DYNAMIC_NO_PIC = NO;
				GCC_NO_COMMON_BLOCKS = YES;
				GCC_OPTIMIZATION_LEVEL = 0;
				GCC_PREPROCESSOR_DEFINITIONS = (
					"DEBUG=1",
					"$(inherited)",
				);
				GCC_WARN_64_TO_32_BIT_CONVERSION = YES;
				GCC_WARN_ABOUT_RETURN_TYPE = YES_ERROR;
				GCC_WARN_UNDECLARED_SELECTOR = YES;
				GCC_WARN_UNINITIALIZED_AUTOS = YES_AGGRESSIVE;
				GCC_WARN_UNUSED_FUNCTION = YES;
				GCC_WARN_UNUSED_VARIABLE = YES;
				IPHONEOS_DEPLOYMENT_TARGET = 17.0;
				LOCALIZATION_PREFERS_STRING_CATALOGS = YES;
				MTL_ENABLE_DEBUG_INFO = INCLUDE_SOURCE;
				MTL_FAST_MATH = YES;
				ONLY_ACTIVE_ARCH = YES;
				SDKROOT = iphoneos;
			};
			name = Debug;
		};
		6EC375AD2BB19A14005DCC85 /* Release */ = {
			isa = XCBuildConfiguration;
			buildSettings = {
				ALWAYS_SEARCH_USER_PATHS = NO;
				ASSETCATALOG_COMPILER_GENERATE_SWIFT_ASSET_SYMBOL_EXTENSIONS = YES;
				CLANG_ANALYZER_NONNULL = YES;
				CLANG_ANALYZER_NUMBER_OBJECT_CONVERSION = YES_AGGRESSIVE;
				CLANG_CXX_LANGUAGE_STANDARD = "gnu++20";
				CLANG_ENABLE_MODULES = YES;
				CLANG_ENABLE_OBJC_ARC = YES;
				CLANG_ENABLE_OBJC_WEAK = YES;
				CLANG_WARN_BLOCK_CAPTURE_AUTORELEASING = YES;
				CLANG_WARN_BOOL_CONVERSION = YES;
				CLANG_WARN_COMMA = YES;
				CLANG_WARN_CONSTANT_CONVERSION = YES;
				CLANG_WARN_DEPRECATED_OBJC_IMPLEMENTATIONS = YES;
				CLANG_WARN_DIRECT_OBJC_ISA_USAGE = YES_ERROR;
				CLANG_WARN_DOCUMENTATION_COMMENTS = YES;
				CLANG_WARN_EMPTY_BODY = YES;
				CLANG_WARN_ENUM_CONVERSION = YES;
				CLANG_WARN_INFINITE_RECURSION = YES;
				CLANG_WARN_INT_CONVERSION = YES;
				CLANG_WARN_NON_LITERAL_NULL_CONVERSION = YES;
				CLANG_WARN_OBJC_IMPLICIT_RETAIN_SELF = YES;
				CLANG_WARN_OBJC_LITERAL_CONVERSION = YES;
				CLANG_WARN_OBJC_ROOT_CLASS = YES_ERROR;
				CLANG_WARN_QUOTED_INCLUDE_IN_FRAMEWORK_HEADER = YES;
				CLANG_WARN_RANGE_LOOP_ANALYSIS = YES;
				CLANG_WARN_STRICT_PROTOTYPES = YES;
				CLANG_WARN_SUSPICIOUS_MOVE = YES;
				CLANG_WARN_UNGUARDED_AVAILABILITY = YES_AGGRESSIVE;
				CLANG_WARN_UNREACHABLE_CODE = YES;
				CLANG_WARN__DUPLICATE_METHOD_MATCH = YES;
				COPY_PHASE_STRIP = NO;
				DEBUG_INFORMATION_FORMAT = "dwarf-with-dsym";
				ENABLE_NS_ASSERTIONS = NO;
				ENABLE_STRICT_OBJC_MSGSEND = YES;
				ENABLE_USER_SCRIPT_SANDBOXING = YES;
				GCC_C_LANGUAGE_STANDARD = gnu17;
				GCC_NO_COMMON_BLOCKS = YES;
				GCC_WARN_64_TO_32_BIT_CONVERSION = YES;
				GCC_WARN_ABOUT_RETURN_TYPE = YES_ERROR;
				GCC_WARN_UNDECLARED_SELECTOR = YES;
				GCC_WARN_UNINITIALIZED_AUTOS = YES_AGGRESSIVE;
				GCC_WARN_UNUSED_FUNCTION = YES;
				GCC_WARN_UNUSED_VARIABLE = YES;
				IPHONEOS_DEPLOYMENT_TARGET = 17.0;
				LOCALIZATION_PREFERS_STRING_CATALOGS = YES;
				MTL_ENABLE_DEBUG_INFO = NO;
				MTL_FAST_MATH = YES;
				SDKROOT = iphoneos;
				VALIDATE_PRODUCT = YES;
			};
			name = Release;
		};
		6EC375AF2BB19A14005DCC85 /* Debug */ = {
			isa = XCBuildConfiguration;
			buildSettings = {
				ASSETCATALOG_COMPILER_APPICON_NAME = AppIcon;
				ASSETCATALOG_COMPILER_GLOBAL_ACCENT_COLOR_NAME = AccentColor;
				CODE_SIGN_STYLE = Automatic;
				CURRENT_PROJECT_VERSION = 1;
				GENERATE_INFOPLIST_FILE = YES;
				INFOPLIST_FILE = TodoListApp/Info.plist;
				INFOPLIST_KEY_UIApplicationSupportsIndirectInputEvents = YES;
				INFOPLIST_KEY_UILaunchStoryboardName = LaunchScreen;
				INFOPLIST_KEY_UIMainStoryboardFile = Main;
				INFOPLIST_KEY_UISupportedInterfaceOrientations_iPad = "UIInterfaceOrientationPortrait UIInterfaceOrientationPortraitUpsideDown UIInterfaceOrientationLandscapeLeft UIInterfaceOrientationLandscapeRight";
				INFOPLIST_KEY_UISupportedInterfaceOrientations_iPhone = "UIInterfaceOrientationPortrait UIInterfaceOrientationLandscapeLeft UIInterfaceOrientationLandscapeRight";
				LD_RUNPATH_SEARCH_PATHS = (
					"$(inherited)",
					"@executable_path/Frameworks",
				);
				MARKETING_VERSION = 1.0;
				PRODUCT_BUNDLE_IDENTIFIER = com.todoapp.TodoListApp;
				PRODUCT_NAME = "$(TARGET_NAME)";
				SWIFT_EMIT_LOC_STRINGS = YES;
				TARGETED_DEVICE_FAMILY = "1,2";
			};
			name = Debug;
		};
		6EC375B02BB19A14005DCC85 /* Release */ = {
			isa = XCBuildConfiguration;
			buildSettings = {
				ASSETCATALOG_COMPILER_APPICON_NAME = AppIcon;
				ASSETCATALOG_COMPILER_GLOBAL_ACCENT_COLOR_NAME = AccentColor;
				CODE_SIGN_STYLE = Automatic;
				CURRENT_PROJECT_VERSION = 1;
				GENERATE_INFOPLIST_FILE = YES;
				INFOPLIST_FILE = TodoListApp/Info.plist;
				INFOPLIST_KEY_UIApplicationSupportsIndirectInputEvents = YES;
				INFOPLIST_KEY_UILaunchStoryboardName = LaunchScreen;
				INFOPLIST_KEY_UIMainStoryboardFile = Main;
				INFOPLIST_KEY_UISupportedInterfaceOrientations_iPad = "UIInterfaceOrientationPortrait UIInterfaceOrientationPortraitUpsideDown UIInterfaceOrientationLandscapeLeft UIInterfaceOrientationLandscapeRight";
				INFOPLIST_KEY_UISupportedInterfaceOrientations_iPhone = "UIInterfaceOrientationPortrait UIInterfaceOrientationLandscapeLeft UIInterfaceOrientationLandscapeRight";
				LD_RUNPATH_SEARCH_PATHS = (
					"$(inherited)",
					"@executable_path/Frameworks",
				);
				MARKETING_VERSION = 1.0;
				PRODUCT_BUNDLE_IDENTIFIER = com.todoapp.TodoListApp;
				PRODUCT_NAME = "$(TARGET_NAME)";
				SWIFT_EMIT_LOC_STRINGS = YES;
				TARGETED_DEVICE_FAMILY = "1,2";
			};
			name = Release;
		};
		6EC375B22BB19A14005DCC85 /* Debug */ = {
			isa = XCBuildConfiguration;
			buildSettings = {
				BUNDLE_LOADER = "$(TEST_HOST)";
				CODE_SIGN_STYLE = Automatic;
				CURRENT_PROJECT_VERSION = 1;
				GENERATE_INFOPLIST_FILE = YES;
				IPHONEOS_DEPLOYMENT_TARGET = 17.0;
				MARKETING_VERSION = 1.0;
				PRODUCT_BUNDLE_IDENTIFIER = com.todoapp.TodoListAppTests;
				PRODUCT_NAME = "$(TARGET_NAME)";
				SWIFT_EMIT_LOC_STRINGS = NO;
				TARGETED_DEVICE_FAMILY = "1,2";
				TEST_HOST = "$(BUILT_PRODUCTS_DIR)/TodoListApp.app/$(BUNDLE_EXECUTABLE_FOLDER_PATH)/TodoListApp";
			};
			name = Debug;
		};
		6EC375B32BB19A14005DCC85 /* Release */ = {
			isa = XCBuildConfiguration;
			buildSettings = {
				BUNDLE_LOADER = "$(TEST_HOST)";
				CODE_SIGN_STYLE = Automatic;
				CURRENT_PROJECT_VERSION = 1;
				GENERATE_INFOPLIST_FILE = YES;
				IPHONEOS_DEPLOYMENT_TARGET = 17.0;
				MARKETING_VERSION = 1.0;
				PRODUCT_BUNDLE_IDENTIFIER = com.todoapp.TodoListAppTests;
				PRODUCT_NAME = "$(TARGET_NAME)";
				SWIFT_EMIT_LOC_STRINGS = NO;
				TARGETED_DEVICE_FAMILY = "1,2";
				TEST_HOST = "$(BUILT_PRODUCTS_DIR)/TodoListApp.app/$(BUNDLE_EXECUTABLE_FOLDER_PATH)/TodoListApp";
			};
			name = Release;
		};
		6EC375B52BB19A14005DCC85 /* Debug */ = {
			isa = XCBuildConfiguration;
			buildSettings = {
				CODE_SIGN_STYLE = Automatic;
				CURRENT_PROJECT_VERSION = 1;
				GENERATE_INFOPLIST_FILE = YES;
				MARKETING_VERSION = 1.0;
				PRODUCT_BUNDLE_IDENTIFIER = com.todoapp.TodoListAppUITests;
				PRODUCT_NAME = "$(TARGET_NAME)";
				SWIFT_EMIT_LOC_STRINGS = NO;
				TARGETED_DEVICE_FAMILY = "1,2";
				TEST_TARGET_NAME = TodoListApp;
			};
			name = Debug;
		};
		6EC375B62BB19A14005DCC85 /* Release */ = {
			isa = XCBuildConfiguration;
			buildSettings = {
				CODE_SIGN_STYLE = Automatic;
				CURRENT_PROJECT_VERSION = 1;
				GENERATE_INFOPLIST_FILE = YES;
				MARKETING_VERSION = 1.0;
				PRODUCT_BUNDLE_IDENTIFIER = com.todoapp.TodoListAppUITests;
				PRODUCT_NAME = "$(TARGET_NAME)";
				SWIFT_EMIT_LOC_STRINGS = NO;
				TARGETED_DEVICE_FAMILY = "1,2";
				TEST_TARGET_NAME = TodoListApp;
			};
			name = Release;
		};
/* End XCBuildConfiguration section */

/* Begin XCConfigurationList section */
		6EC3757A2BB19A12005DCC85 /* Build configuration list for PBXProject "TodoListApp" */ = {
			isa = XCConfigurationList;
			buildConfigurations = (
				6EC375AC2BB19A14005DCC85 /* Debug */,
				6EC375AD2BB19A14005DCC85 /* Release */,
			);
			defaultConfigurationIsVisible = 0;
			defaultConfigurationName = Release;
		};
		6EC375AE2BB19A14005DCC85 /* Build configuration list for PBXNativeTarget "TodoListApp" */ = {
			isa = XCConfigurationList;
			buildConfigurations = (
				6EC375AF2BB19A14005DCC85 /* Debug */,
				6EC375B02BB19A14005DCC85 /* Release */,
			);
			defaultConfigurationIsVisible = 0;
			defaultConfigurationName = Release;
		};
		6EC375B12BB19A14005DCC85 /* Build configuration list for PBXNativeTarget "TodoListAppTests" */ = {
			isa = XCConfigurationList;
			buildConfigurations = (
				6EC375B22BB19A14005DCC85 /* Debug */,
				6EC375B32BB19A14005DCC85 /* Release */,
			);
			defaultConfigurationIsVisible = 0;
			defaultConfigurationName = Release;
		};
		6EC375B42BB19A14005DCC85 /* Build configuration list for PBXNativeTarget "TodoListAppUITests" */ = {
			isa = XCConfigurationList;
			buildConfigurations = (
				6EC375B52BB19A14005DCC85 /* Debug */,
				6EC375B62BB19A14005DCC85 /* Release */,
			);
			defaultConfigurationIsVisible = 0;
			defaultConfigurationName = Release;
		};
/* End XCConfigurationList section */
	};
	rootObject = 6EC375772BB19A12005DCC85 /* Project object */;
}
